// !$*UTF8*$!
{
	archiveVersion = 1;
	classes = {
	};
	objectVersion = 46;
	objects = {

/* Begin PBXBuildFile section */
		1E3E97B5169127380091ACAF /* UIKit.framework in Frameworks */ = {isa = PBXBuildFile; fileRef = 1E3E97B4169127380091ACAF /* UIKit.framework */; };
		1E3E97B7169127380091ACAF /* Foundation.framework in Frameworks */ = {isa = PBXBuildFile; fileRef = 1E3E97B6169127380091ACAF /* Foundation.framework */; };
		1E3E97B9169127380091ACAF /* CoreGraphics.framework in Frameworks */ = {isa = PBXBuildFile; fileRef = 1E3E97B8169127380091ACAF /* CoreGraphics.framework */; };
		1E3E97BF169127390091ACAF /* InfoPlist.strings in Resources */ = {isa = PBXBuildFile; fileRef = 1E3E97BD169127390091ACAF /* InfoPlist.strings */; };
		1E3E97C1169127390091ACAF /* main.m in Sources */ = {isa = PBXBuildFile; fileRef = 1E3E97C0169127390091ACAF /* main.m */; };
		1E3E97C5169127390091ACAF /* AppDelegate.m in Sources */ = {isa = PBXBuildFile; fileRef = 1E3E97C4169127390091ACAF /* AppDelegate.m */; };
		1E3E97C7169127390091ACAF /* Default.png in Resources */ = {isa = PBXBuildFile; fileRef = 1E3E97C6169127390091ACAF /* Default.png */; };
		1E3E97C9169127390091ACAF /* Default@2x.png in Resources */ = {isa = PBXBuildFile; fileRef = 1E3E97C8169127390091ACAF /* Default@2x.png */; };
		1E3E97CB169127390091ACAF /* Default-568h@2x.png in Resources */ = {isa = PBXBuildFile; fileRef = 1E3E97CA169127390091ACAF /* Default-568h@2x.png */; };
		1E3E97CE169127390091ACAF /* ViewController.m in Sources */ = {isa = PBXBuildFile; fileRef = 1E3E97CD169127390091ACAF /* ViewController.m */; };
		1E3E97D1169127390091ACAF /* ViewController_iPhone.xib in Resources */ = {isa = PBXBuildFile; fileRef = 1E3E97CF169127390091ACAF /* ViewController_iPhone.xib */; };
		1E3E97D4169127390091ACAF /* ViewController_iPad.xib in Resources */ = {isa = PBXBuildFile; fileRef = 1E3E97D2169127390091ACAF /* ViewController_iPad.xib */; };
/* End PBXBuildFile section */

/* Begin PBXFileReference section */
		1E3E97B0169127380091ACAF /* MyNES.app */ = {isa = PBXFileReference; explicitFileType = wrapper.application; includeInIndex = 0; path = MyNES.app; sourceTree = BUILT_PRODUCTS_DIR; };
		1E3E97B4169127380091ACAF /* UIKit.framework */ = {isa = PBXFileReference; lastKnownFileType = wrapper.framework; name = UIKit.framework; path = System/Library/Frameworks/UIKit.framework; sourceTree = SDKROOT; };
		1E3E97B6169127380091ACAF /* Foundation.framework */ = {isa = PBXFileReference; lastKnownFileType = wrapper.framework; name = Foundation.framework; path = System/Library/Frameworks/Foundation.framework; sourceTree = SDKROOT; };
		1E3E97B8169127380091ACAF /* CoreGraphics.framework */ = {isa = PBXFileReference; lastKnownFileType = wrapper.framework; name = CoreGraphics.framework; path = System/Library/Frameworks/CoreGraphics.framework; sourceTree = SDKROOT; };
		1E3E97BC169127380091ACAF /* MyNES-Info.plist */ = {isa = PBXFileReference; lastKnownFileType = text.plist.xml; path = "MyNES-Info.plist"; sourceTree = "<group>"; };
		1E3E97BE169127390091ACAF /* en */ = {isa = PBXFileReference; lastKnownFileType = text.plist.strings; name = en; path = en.lproj/InfoPlist.strings; sourceTree = "<group>"; };
		1E3E97C0169127390091ACAF /* main.m */ = {isa = PBXFileReference; lastKnownFileType = sourcecode.c.objc; path = main.m; sourceTree = "<group>"; };
		1E3E97C2169127390091ACAF /* MyNES-Prefix.pch */ = {isa = PBXFileReference; lastKnownFileType = sourcecode.c.h; path = "MyNES-Prefix.pch"; sourceTree = "<group>"; };
		1E3E97C3169127390091ACAF /* AppDelegate.h */ = {isa = PBXFileReference; lastKnownFileType = sourcecode.c.h; path = AppDelegate.h; sourceTree = "<group>"; };
		1E3E97C4169127390091ACAF /* AppDelegate.m */ = {isa = PBXFileReference; lastKnownFileType = sourcecode.c.objc; path = AppDelegate.m; sourceTree = "<group>"; };
		1E3E97C6169127390091ACAF /* Default.png */ = {isa = PBXFileReference; lastKnownFileType = image.png; path = Default.png; sourceTree = "<group>"; };
		1E3E97C8169127390091ACAF /* Default@2x.png */ = {isa = PBXFileReference; lastKnownFileType = image.png; path = "Default@2x.png"; sourceTree = "<group>"; };
		1E3E97CA169127390091ACAF /* Default-568h@2x.png */ = {isa = PBXFileReference; lastKnownFileType = image.png; path = "Default-568h@2x.png"; sourceTree = "<group>"; };
		1E3E97CC169127390091ACAF /* ViewController.h */ = {isa = PBXFileReference; lastKnownFileType = sourcecode.c.h; path = ViewController.h; sourceTree = "<group>"; };
		1E3E97CD169127390091ACAF /* ViewController.m */ = {isa = PBXFileReference; lastKnownFileType = sourcecode.c.objc; path = ViewController.m; sourceTree = "<group>"; };
		1E3E97D0169127390091ACAF /* en */ = {isa = PBXFileReference; lastKnownFileType = file.xib; name = en; path = en.lproj/ViewController_iPhone.xib; sourceTree = "<group>"; };
		1E3E97D3169127390091ACAF /* en */ = {isa = PBXFileReference; lastKnownFileType = file.xib; name = en; path = en.lproj/ViewController_iPad.xib; sourceTree = "<group>"; };
/* End PBXFileReference section */

/* Begin PBXFrameworksBuildPhase section */
		1E3E97AD169127380091ACAF /* Frameworks */ = {
			isa = PBXFrameworksBuildPhase;
			buildActionMask = 2147483647;
			files = (
				1E3E97B5169127380091ACAF /* UIKit.framework in Frameworks */,
				1E3E97B7169127380091ACAF /* Foundation.framework in Frameworks */,
				1E3E97B9169127380091ACAF /* CoreGraphics.framework in Frameworks */,
			);
			runOnlyForDeploymentPostprocessing = 0;
		};
/* End PBXFrameworksBuildPhase section */

/* Begin PBXGroup section */
		1E3E97A5169127380091ACAF = {
			isa = PBXGroup;
			children = (
				1E3E97BA169127380091ACAF /* MyNES */,
				1E3E97B3169127380091ACAF /* Frameworks */,
				1E3E97B1169127380091ACAF /* Products */,
			);
			sourceTree = "<group>";
		};
		1E3E97B1169127380091ACAF /* Products */ = {
			isa = PBXGroup;
			children = (
				1E3E97B0169127380091ACAF /* MyNES.app */,
			);
			name = Products;
			sourceTree = "<group>";
		};
		1E3E97B3169127380091ACAF /* Frameworks */ = {
			isa = PBXGroup;
			children = (
				1E3E97B4169127380091ACAF /* UIKit.framework */,
				1E3E97B6169127380091ACAF /* Foundation.framework */,
				1E3E97B8169127380091ACAF /* CoreGraphics.framework */,
			);
			name = Frameworks;
			sourceTree = "<group>";
		};
		1E3E97BA169127380091ACAF /* MyNES */ = {
			isa = PBXGroup;
			children = (
				1E3E97C3169127390091ACAF /* AppDelegate.h */,
				1E3E97C4169127390091ACAF /* AppDelegate.m */,
				1E3E97CC169127390091ACAF /* ViewController.h */,
				1E3E97CD169127390091ACAF /* ViewController.m */,
				1E3E97CF169127390091ACAF /* ViewController_iPhone.xib */,
				1E3E97D2169127390091ACAF /* ViewController_iPad.xib */,
				1E3E97BB169127380091ACAF /* Supporting Files */,
			);
			path = MyNES;
			sourceTree = "<group>";
		};
		1E3E97BB169127380091ACAF /* Supporting Files */ = {
			isa = PBXGroup;
			children = (
				1E3E97BC169127380091ACAF /* MyNES-Info.plist */,
				1E3E97BD169127390091ACAF /* InfoPlist.strings */,
				1E3E97C0169127390091ACAF /* main.m */,
				1E3E97C2169127390091ACAF /* MyNES-Prefix.pch */,
				1E3E97C6169127390091ACAF /* Default.png */,
				1E3E97C8169127390091ACAF /* Default@2x.png */,
				1E3E97CA169127390091ACAF /* Default-568h@2x.png */,
			);
			name = "Supporting Files";
			sourceTree = "<group>";
		};
/* End PBXGroup section */

/* Begin PBXNativeTarget section */
		1E3E97AF169127380091ACAF /* MyNES */ = {
			isa = PBXNativeTarget;
			buildConfigurationList = 1E3E97D7169127390091ACAF /* Build configuration list for PBXNativeTarget "MyNES" */;
			buildPhases = (
				1E3E97AC169127380091ACAF /* Sources */,
				1E3E97AD169127380091ACAF /* Frameworks */,
				1E3E97AE169127380091ACAF /* Resources */,
			);
			buildRules = (
			);
			dependencies = (
			);
			name = MyNES;
			productName = MyNES;
			productReference = 1E3E97B0169127380091ACAF /* MyNES.app */;
			productType = "com.apple.product-type.application";
		};
/* End PBXNativeTarget section */

/* Begin PBXProject section */
		1E3E97A7169127380091ACAF /* Project object */ = {
			isa = PBXProject;
			attributes = {
				LastUpgradeCheck = 0450;
				ORGANIZATIONNAME = OSX1;
			};
			buildConfigurationList = 1E3E97AA169127380091ACAF /* Build configuration list for PBXProject "MyNES" */;
			compatibilityVersion = "Xcode 3.2";
			developmentRegion = English;
			hasScannedForEncodings = 0;
			knownRegions = (
				en,
			);
			mainGroup = 1E3E97A5169127380091ACAF;
			productRefGroup = 1E3E97B1169127380091ACAF /* Products */;
			projectDirPath = "";
			projectRoot = "";
			targets = (
				1E3E97AF169127380091ACAF /* MyNES */,
			);
		};
/* End PBXProject section */

/* Begin PBXResourcesBuildPhase section */
		1E3E97AE169127380091ACAF /* Resources */ = {
			isa = PBXResourcesBuildPhase;
			buildActionMask = 2147483647;
			files = (
				1E3E97BF169127390091ACAF /* InfoPlist.strings in Resources */,
				1E3E97C7169127390091ACAF /* Default.png in Resources */,
				1E3E97C9169127390091ACAF /* Default@2x.png in Resources */,
				1E3E97CB169127390091ACAF /* Default-568h@2x.png in Resources */,
				1E3E97D1169127390091ACAF /* ViewController_iPhone.xib in Resources */,
				1E3E97D4169127390091ACAF /* ViewController_iPad.xib in Resources */,
			);
			runOnlyForDeploymentPostprocessing = 0;
		};
/* End PBXResourcesBuildPhase section */

/* Begin PBXSourcesBuildPhase section */
		1E3E97AC169127380091ACAF /* Sources */ = {
			isa = PBXSourcesBuildPhase;
			buildActionMask = 2147483647;
			files = (
				1E3E97C1169127390091ACAF /* main.m in Sources */,
				1E3E97C5169127390091ACAF /* AppDelegate.m in Sources */,
				1E3E97CE169127390091ACAF /* ViewController.m in Sources */,
			);
			runOnlyForDeploymentPostprocessing = 0;
		};
/* End PBXSourcesBuildPhase section */

/* Begin PBXVariantGroup section */
		1E3E97BD169127390091ACAF /* InfoPlist.strings */ = {
			isa = PBXVariantGroup;
			children = (
				1E3E97BE169127390091ACAF /* en */,
			);
			name = InfoPlist.strings;
			sourceTree = "<group>";
		};
		1E3E97CF169127390091ACAF /* ViewController_iPhone.xib */ = {
			isa = PBXVariantGroup;
			children = (
				1E3E97D0169127390091ACAF /* en */,
			);
			name = ViewController_iPhone.xib;
			sourceTree = "<group>";
		};
		1E3E97D2169127390091ACAF /* ViewController_iPad.xib */ = {
			isa = PBXVariantGroup;
			children = (
				1E3E97D3169127390091ACAF /* en */,
			);
			name = ViewController_iPad.xib;
			sourceTree = "<group>";
		};
/* End PBXVariantGroup section */

/* Begin XCBuildConfiguration section */
		1E3E97D5169127390091ACAF /* Debug */ = {
			isa = XCBuildConfiguration;
			buildSettings = {
				ALWAYS_SEARCH_USER_PATHS = NO;
				CLANG_CXX_LANGUAGE_STANDARD = "gnu++0x";
				CLANG_CXX_LIBRARY = "libc++";
				CLANG_WARN_EMPTY_BODY = YES;
				CLANG_WARN__DUPLICATE_METHOD_MATCH = YES;
				"CODE_SIGN_IDENTITY[sdk=iphoneos*]" = "iPhone Developer";
				COPY_PHASE_STRIP = NO;
				GCC_C_LANGUAGE_STANDARD = gnu99;
				GCC_DYNAMIC_NO_PIC = NO;
				GCC_OPTIMIZATION_LEVEL = 0;
				GCC_PREPROCESSOR_DEFINITIONS = (
					"DEBUG=1",
					"$(inherited)",
				);
				GCC_SYMBOLS_PRIVATE_EXTERN = NO;
				GCC_WARN_ABOUT_RETURN_TYPE = YES;
				GCC_WARN_UNINITIALIZED_AUTOS = YES;
				GCC_WARN_UNUSED_VARIABLE = YES;
				IPHONEOS_DEPLOYMENT_TARGET = 6.0;
				ONLY_ACTIVE_ARCH = YES;
				SDKROOT = iphoneos;
				TARGETED_DEVICE_FAMILY = "1,2";
			};
			name = Debug;
		};
		1E3E97D6169127390091ACAF /* Release */ = {
			isa = XCBuildConfiguration;
			buildSettings = {
				ALWAYS_SEARCH_USER_PATHS = NO;
				CLANG_CXX_LANGUAGE_STANDARD = "gnu++0x";
				CLANG_CXX_LIBRARY = "libc++";
				CLANG_WARN_EMPTY_BODY = YES;
				CLANG_WARN__DUPLICATE_METHOD_MATCH = YES;
				"CODE_SIGN_IDENTITY[sdk=iphoneos*]" = "iPhone Developer";
				COPY_PHASE_STRIP = YES;
				GCC_C_LANGUAGE_STANDARD = gnu99;
				GCC_WARN_ABOUT_RETURN_TYPE = YES;
				GCC_WARN_UNINITIALIZED_AUTOS = YES;
				GCC_WARN_UNUSED_VARIABLE = YES;
				IPHONEOS_DEPLOYMENT_TARGET = 6.0;
				OTHER_CFLAGS = "-DNS_BLOCK_ASSERTIONS=1";
				SDKROOT = iphoneos;
				TARGETED_DEVICE_FAMILY = "1,2";
				VALIDATE_PRODUCT = YES;
			};
			name = Release;
		};
		1E3E97D8169127390091ACAF /* Debug */ = {
			isa = XCBuildConfiguration;
			buildSettings = {
				GCC_PRECOMPILE_PREFIX_HEADER = YES;
				GCC_PREFIX_HEADER = "MyNES/MyNES-Prefix.pch";
				INFOPLIST_FILE = "MyNES/MyNES-Info.plist";
				PRODUCT_NAME = "$(TARGET_NAME)";
				WRAPPER_EXTENSION = app;
			};
			name = Debug;
		};
		1E3E97D9169127390091ACAF /* Release */ = {
			isa = XCBuildConfiguration;
			buildSettings = {
				GCC_PRECOMPILE_PREFIX_HEADER = YES;
				GCC_PREFIX_HEADER = "MyNES/MyNES-Prefix.pch";
				INFOPLIST_FILE = "MyNES/MyNES-Info.plist";
				PRODUCT_NAME = "$(TARGET_NAME)";
				WRAPPER_EXTENSION = app;
			};
			name = Release;
		};
/* End XCBuildConfiguration section */

/* Begin XCConfigurationList section */
		1E3E97AA169127380091ACAF /* Build configuration list for PBXProject "MyNES" */ = {
			isa = XCConfigurationList;
			buildConfigurations = (
				1E3E97D5169127390091ACAF /* Debug */,
				1E3E97D6169127390091ACAF /* Release */,
			);
			defaultConfigurationIsVisible = 0;
			defaultConfigurationName = Release;
		};
		1E3E97D7169127390091ACAF /* Build configuration list for PBXNativeTarget "MyNES" */ = {
			isa = XCConfigurationList;
			buildConfigurations = (
				1E3E97D8169127390091ACAF /* Debug */,
				1E3E97D9169127390091ACAF /* Release */,
			);
			defaultConfigurationIsVisible = 0;
		};
/* End XCConfigurationList section */
	};
	rootObject = 1E3E97A7169127380091ACAF /* Project object */;
}
